
Microsoft Visual Studio Solution File, Format Version 12.00
# Visual Studio Version 16
VisualStudioVersion = 25.0.1705.4
MinimumVisualStudioVersion = 10.0.40219.1
Project("{FAE04EC0-301F-11D3-BF4B-00C04F79EFBC}") = "ToDoList", "ToDoList\ToDoList.csproj", "{B3B08E41-0955-4EEA-B272-57A46592369E}"
EndProject
Project("{FAE04EC0-301F-11D3-BF4B-00C04F79EFBC}") = "ToDoListWithArray", "ToDoListWithArray\ToDoListWithArray.csproj", "{325D9214-1A55-4775-9137-7414CC2BD4CE}"
EndProject
Global
	GlobalSection(SolutionConfigurationPlatforms) = preSolution
		Debug|Any CPU = Debug|Any CPU
		Release|Any CPU = Release|Any CPU
	EndGlobalSection
	GlobalSection(ProjectConfigurationPlatforms) = postSolution
		{B3B08E41-0955-4EEA-B272-57A46592369E}.Debug|Any CPU.ActiveCfg = Debug|Any CPU
		{B3B08E41-0955-4EEA-B272-57A46592369E}.Debug|Any CPU.Build.0 = Debug|Any CPU
		{B3B08E41-0955-4EEA-B272-57A46592369E}.Release|Any CPU.ActiveCfg = Release|Any CPU
		{B3B08E41-0955-4EEA-B272-57A46592369E}.Release|Any CPU.Build.0 = Release|Any CPU
		{325D9214-1A55-4775-9137-7414CC2BD4CE}.Debug|Any CPU.ActiveCfg = Debug|Any CPU
		{325D9214-1A55-4775-9137-7414CC2BD4CE}.Debug|Any CPU.Build.0 = Debug|Any CPU
		{325D9214-1A55-4775-9137-7414CC2BD4CE}.Release|Any CPU.ActiveCfg = Release|Any CPU
		{325D9214-1A55-4775-9137-7414CC2BD4CE}.Release|Any CPU.Build.0 = Release|Any CPU
	EndGlobalSection
	GlobalSection(SolutionProperties) = preSolution
		HideSolutionNode = FALSE
	EndGlobalSection
	GlobalSection(ExtensibilityGlobals) = postSolution
		SolutionGuid = {CF8BFC7E-EA8B-41C9-AD5B-FA685C87E527}
	EndGlobalSection
EndGlobal
